
Microsoft Visual Studio Solution File, Format Version 12.00
# Visual Studio 15
VisualStudioVersion = 15.0.27703.2035
MinimumVisualStudioVersion = 10.0.40219.1
Project("{9A19103F-16F7-4668-BE54-9A1E7A4F7556}") = "Otc.Cache.Abstractions", "Otc.Cache.Abstractions\Otc.Cache.Abstractions.csproj", "{62E7E230-F702-40C7-B46F-DE062725E20C}"
EndProject
Project("{9A19103F-16F7-4668-BE54-9A1E7A4F7556}") = "Otc.Cache", "Otc.Cache\Otc.Cache.csproj", "{F356CB30-A707-49D8-BB15-127575D68E27}"
EndProject
# Project("{FAE04EC0-301F-11D3-BF4B-00C04F79EFBC}") = "Otc.Cache.Tests", "Otc.Cache.Tests\Otc.Cache.Tests.csproj", "{5A81FF6B-C1C2-4C0F-BDE3-72D9F2E1FB19}"
# EndProject
Global
	GlobalSection(SolutionConfigurationPlatforms) = preSolution
		Debug|Any CPU = Debug|Any CPU
		Release|Any CPU = Release|Any CPU
	EndGlobalSection
	GlobalSection(ProjectConfigurationPlatforms) = postSolution
		{62E7E230-F702-40C7-B46F-DE062725E20C}.Debug|Any CPU.ActiveCfg = Debug|Any CPU
		{62E7E230-F702-40C7-B46F-DE062725E20C}.Debug|Any CPU.Build.0 = Debug|Any CPU
		{62E7E230-F702-40C7-B46F-DE062725E20C}.Release|Any CPU.ActiveCfg = Release|Any CPU
		{62E7E230-F702-40C7-B46F-DE062725E20C}.Release|Any CPU.Build.0 = Release|Any CPU
		{F356CB30-A707-49D8-BB15-127575D68E27}.Debug|Any CPU.ActiveCfg = Debug|Any CPU
		{F356CB30-A707-49D8-BB15-127575D68E27}.Debug|Any CPU.Build.0 = Debug|Any CPU
		{F356CB30-A707-49D8-BB15-127575D68E27}.Release|Any CPU.ActiveCfg = Release|Any CPU
		{F356CB30-A707-49D8-BB15-127575D68E27}.Release|Any CPU.Build.0 = Release|Any CPU
		{5A81FF6B-C1C2-4C0F-BDE3-72D9F2E1FB19}.Debug|Any CPU.ActiveCfg = Debug|Any CPU
		{5A81FF6B-C1C2-4C0F-BDE3-72D9F2E1FB19}.Debug|Any CPU.Build.0 = Debug|Any CPU
		{5A81FF6B-C1C2-4C0F-BDE3-72D9F2E1FB19}.Release|Any CPU.ActiveCfg = Release|Any CPU
		{5A81FF6B-C1C2-4C0F-BDE3-72D9F2E1FB19}.Release|Any CPU.Build.0 = Release|Any CPU
	EndGlobalSection
	GlobalSection(SolutionProperties) = preSolution
		HideSolutionNode = FALSE
	EndGlobalSection
	GlobalSection(ExtensibilityGlobals) = postSolution
		SolutionGuid = {6F90D768-BFEA-4FBE-9FFC-D17867F3FFBE}
	EndGlobalSection
EndGlobal
