
Microsoft Visual Studio Solution File, Format Version 12.00
# Visual Studio 15
VisualStudioVersion = 15.0.27703.2026
MinimumVisualStudioVersion = 10.0.40219.1
Project("{9A19103F-16F7-4668-BE54-9A1E7A4F7556}") = "Otc.Caching.Abstractions", "Otc.Caching.Abstractions\Otc.Caching.Abstractions.csproj", "{F18B6EEE-4CD4-4129-8781-AA68E2E44C41}"
EndProject
Project("{9A19103F-16F7-4668-BE54-9A1E7A4F7556}") = "Otc.Caching", "Otc.Caching\Otc.Caching.csproj", "{DF15674C-8002-4A78-BB4D-AC3138FAC66C}"
EndProject
Project("{9A19103F-16F7-4668-BE54-9A1E7A4F7556}") = "Otc.Caching.DistributedCache.All", "Otc.Caching.DistributedCache.All\Otc.Caching.DistributedCache.All.csproj", "{8B6A8446-3A6C-4889-9B68-474FB2601FE2}"
EndProject
Global
	GlobalSection(SolutionConfigurationPlatforms) = preSolution
		Debug|Any CPU = Debug|Any CPU
		Release|Any CPU = Release|Any CPU
	EndGlobalSection
	GlobalSection(ProjectConfigurationPlatforms) = postSolution
		{F18B6EEE-4CD4-4129-8781-AA68E2E44C41}.Debug|Any CPU.ActiveCfg = Debug|Any CPU
		{F18B6EEE-4CD4-4129-8781-AA68E2E44C41}.Debug|Any CPU.Build.0 = Debug|Any CPU
		{F18B6EEE-4CD4-4129-8781-AA68E2E44C41}.Release|Any CPU.ActiveCfg = Release|Any CPU
		{F18B6EEE-4CD4-4129-8781-AA68E2E44C41}.Release|Any CPU.Build.0 = Release|Any CPU
		{DF15674C-8002-4A78-BB4D-AC3138FAC66C}.Debug|Any CPU.ActiveCfg = Debug|Any CPU
		{DF15674C-8002-4A78-BB4D-AC3138FAC66C}.Debug|Any CPU.Build.0 = Debug|Any CPU
		{DF15674C-8002-4A78-BB4D-AC3138FAC66C}.Release|Any CPU.ActiveCfg = Release|Any CPU
		{DF15674C-8002-4A78-BB4D-AC3138FAC66C}.Release|Any CPU.Build.0 = Release|Any CPU
		{8B6A8446-3A6C-4889-9B68-474FB2601FE2}.Debug|Any CPU.ActiveCfg = Debug|Any CPU
		{8B6A8446-3A6C-4889-9B68-474FB2601FE2}.Debug|Any CPU.Build.0 = Debug|Any CPU
		{8B6A8446-3A6C-4889-9B68-474FB2601FE2}.Release|Any CPU.ActiveCfg = Release|Any CPU
		{8B6A8446-3A6C-4889-9B68-474FB2601FE2}.Release|Any CPU.Build.0 = Release|Any CPU
	EndGlobalSection
	GlobalSection(SolutionProperties) = preSolution
		HideSolutionNode = FALSE
	EndGlobalSection
	GlobalSection(ExtensibilityGlobals) = postSolution
		SolutionGuid = {2D88EEEC-8961-47BF-83A3-8F2AA1DF7477}
	EndGlobalSection
EndGlobal
